
Microsoft Visual Studio Solution File, Format Version 12.00
# Visual Studio Version 17
VisualStudioVersion = 17.5.002.0
MinimumVisualStudioVersion = 10.0.40219.1
Project("{9A19103F-16F7-4668-BE54-9A1E7A4F7556}") = "policy", "policy.csproj", "{9BA09A17-8416-40BC-B7DB-B74645E5FFB5}"
EndProject
Global
	GlobalSection(SolutionConfigurationPlatforms) = preSolution
		Debug|Any CPU = Debug|Any CPU
		Release|Any CPU = Release|Any CPU
	EndGlobalSection
	GlobalSection(ProjectConfigurationPlatforms) = postSolution
		{9BA09A17-8416-40BC-B7DB-B74645E5FFB5}.Debug|Any CPU.ActiveCfg = Debug|Any CPU
		{9BA09A17-8416-40BC-B7DB-B74645E5FFB5}.Debug|Any CPU.Build.0 = Debug|Any CPU
		{9BA09A17-8416-40BC-B7DB-B74645E5FFB5}.Release|Any CPU.ActiveCfg = Release|Any CPU
		{9BA09A17-8416-40BC-B7DB-B74645E5FFB5}.Release|Any CPU.Build.0 = Release|Any CPU
	EndGlobalSection
	GlobalSection(SolutionProperties) = preSolution
		HideSolutionNode = FALSE
	EndGlobalSection
	GlobalSection(ExtensibilityGlobals) = postSolution
		SolutionGuid = {43E09354-C2DF-424F-B169-EF697058B1D3}
	EndGlobalSection
EndGlobal
